
Microsoft Visual Studio Solution File, Format Version 12.00
# Visual Studio Version 17
VisualStudioVersion = 17.5.33502.453
MinimumVisualStudioVersion = 10.0.40219.1
Project("{FAE04EC0-301F-11D3-BF4B-00C04F79EFBC}") = "Classes and objects", "Classes and objects\Classes and objects.csproj", "{530EACC8-2EFB-4474-8F06-141CB53163A7}"
EndProject
Global
	GlobalSection(SolutionConfigurationPlatforms) = preSolution
		Debug|Any CPU = Debug|Any CPU
		Release|Any CPU = Release|Any CPU
	EndGlobalSection
	GlobalSection(ProjectConfigurationPlatforms) = postSolution
		{530EACC8-2EFB-4474-8F06-141CB53163A7}.Debug|Any CPU.ActiveCfg = Debug|Any CPU
		{530EACC8-2EFB-4474-8F06-141CB53163A7}.Debug|Any CPU.Build.0 = Debug|Any CPU
		{530EACC8-2EFB-4474-8F06-141CB53163A7}.Release|Any CPU.ActiveCfg = Release|Any CPU
		{530EACC8-2EFB-4474-8F06-141CB53163A7}.Release|Any CPU.Build.0 = Release|Any CPU
	EndGlobalSection
	GlobalSection(SolutionProperties) = preSolution
		HideSolutionNode = FALSE
	EndGlobalSection
	GlobalSection(ExtensibilityGlobals) = postSolution
		SolutionGuid = {A7D1BDBD-55AB-49CC-83FD-BB332B2B4F0D}
	EndGlobalSection
EndGlobal
