
Microsoft Visual Studio Solution File, Format Version 12.00
# Visual Studio Version 17
VisualStudioVersion = 17.5.33502.453
MinimumVisualStudioVersion = 10.0.40219.1
Project("{FAE04EC0-301F-11D3-BF4B-00C04F79EFBC}") = "1. Дефиниране на клас Person", "1. Дефиниране на клас Person\1. Дефиниране на клас Person.csproj", "{D2960BE0-2020-46B0-9B2E-ADEE6AB2CDFF}"
EndProject
Project("{FAE04EC0-301F-11D3-BF4B-00C04F79EFBC}") = "2. Дефиниране на клас BankAccount (банкова сметка)", "2. Дефиниране на клас BankAccount (банкова сметка)\2. Дефиниране на клас BankAccount (банкова сметка).csproj", "{57F9D656-4C37-4631-ABD6-130AD4B76214}"
EndProject
Global
	GlobalSection(SolutionConfigurationPlatforms) = preSolution
		Debug|Any CPU = Debug|Any CPU
		Release|Any CPU = Release|Any CPU
	EndGlobalSection
	GlobalSection(ProjectConfigurationPlatforms) = postSolution
		{D2960BE0-2020-46B0-9B2E-ADEE6AB2CDFF}.Debug|Any CPU.ActiveCfg = Debug|Any CPU
		{D2960BE0-2020-46B0-9B2E-ADEE6AB2CDFF}.Debug|Any CPU.Build.0 = Debug|Any CPU
		{D2960BE0-2020-46B0-9B2E-ADEE6AB2CDFF}.Release|Any CPU.ActiveCfg = Release|Any CPU
		{D2960BE0-2020-46B0-9B2E-ADEE6AB2CDFF}.Release|Any CPU.Build.0 = Release|Any CPU
		{57F9D656-4C37-4631-ABD6-130AD4B76214}.Debug|Any CPU.ActiveCfg = Debug|Any CPU
		{57F9D656-4C37-4631-ABD6-130AD4B76214}.Debug|Any CPU.Build.0 = Debug|Any CPU
		{57F9D656-4C37-4631-ABD6-130AD4B76214}.Release|Any CPU.ActiveCfg = Release|Any CPU
		{57F9D656-4C37-4631-ABD6-130AD4B76214}.Release|Any CPU.Build.0 = Release|Any CPU
	EndGlobalSection
	GlobalSection(SolutionProperties) = preSolution
		HideSolutionNode = FALSE
	EndGlobalSection
	GlobalSection(ExtensibilityGlobals) = postSolution
		SolutionGuid = {8027346F-8948-4C30-9EF5-60B1BFF01EE6}
	EndGlobalSection
EndGlobal
