
Microsoft Visual Studio Solution File, Format Version 12.00
# Visual Studio Version 17
VisualStudioVersion = 17.5.33502.453
MinimumVisualStudioVersion = 10.0.40219.1
Project("{FAE04EC0-301F-11D3-BF4B-00C04F79EFBC}") = "1. Максимална площадкa", "1. Максимална площадкa\1. Максимална площадкa.csproj", "{123D137D-A276-48AF-8597-75BCAD00AF56}"
EndProject
Project("{FAE04EC0-301F-11D3-BF4B-00C04F79EFBC}") = "2. Морски шах", "2. Морски шах\2. Морски шах.csproj", "{3686BBE9-CF8B-41D9-BC1F-E50EBA1586E2}"
EndProject
Project("{FAE04EC0-301F-11D3-BF4B-00C04F79EFBC}") = "3. Триъгълник на Паскал", "3. Триъгълник на Паскал\3. Триъгълник на Паскал.csproj", "{5886625D-C481-4383-A0C1-942959EA5E83}"
EndProject
Project("{FAE04EC0-301F-11D3-BF4B-00C04F79EFBC}") = "4.Таблички", "4.Таблички\4.Таблички.csproj", "{F1CA834F-545B-42AC-98EE-00C75C4E611C}"
EndProject
Global
	GlobalSection(SolutionConfigurationPlatforms) = preSolution
		Debug|Any CPU = Debug|Any CPU
		Release|Any CPU = Release|Any CPU
	EndGlobalSection
	GlobalSection(ProjectConfigurationPlatforms) = postSolution
		{123D137D-A276-48AF-8597-75BCAD00AF56}.Debug|Any CPU.ActiveCfg = Debug|Any CPU
		{123D137D-A276-48AF-8597-75BCAD00AF56}.Debug|Any CPU.Build.0 = Debug|Any CPU
		{123D137D-A276-48AF-8597-75BCAD00AF56}.Release|Any CPU.ActiveCfg = Release|Any CPU
		{123D137D-A276-48AF-8597-75BCAD00AF56}.Release|Any CPU.Build.0 = Release|Any CPU
		{3686BBE9-CF8B-41D9-BC1F-E50EBA1586E2}.Debug|Any CPU.ActiveCfg = Debug|Any CPU
		{3686BBE9-CF8B-41D9-BC1F-E50EBA1586E2}.Debug|Any CPU.Build.0 = Debug|Any CPU
		{3686BBE9-CF8B-41D9-BC1F-E50EBA1586E2}.Release|Any CPU.ActiveCfg = Release|Any CPU
		{3686BBE9-CF8B-41D9-BC1F-E50EBA1586E2}.Release|Any CPU.Build.0 = Release|Any CPU
		{5886625D-C481-4383-A0C1-942959EA5E83}.Debug|Any CPU.ActiveCfg = Debug|Any CPU
		{5886625D-C481-4383-A0C1-942959EA5E83}.Debug|Any CPU.Build.0 = Debug|Any CPU
		{5886625D-C481-4383-A0C1-942959EA5E83}.Release|Any CPU.ActiveCfg = Release|Any CPU
		{5886625D-C481-4383-A0C1-942959EA5E83}.Release|Any CPU.Build.0 = Release|Any CPU
		{F1CA834F-545B-42AC-98EE-00C75C4E611C}.Debug|Any CPU.ActiveCfg = Debug|Any CPU
		{F1CA834F-545B-42AC-98EE-00C75C4E611C}.Debug|Any CPU.Build.0 = Debug|Any CPU
		{F1CA834F-545B-42AC-98EE-00C75C4E611C}.Release|Any CPU.ActiveCfg = Release|Any CPU
		{F1CA834F-545B-42AC-98EE-00C75C4E611C}.Release|Any CPU.Build.0 = Release|Any CPU
	EndGlobalSection
	GlobalSection(SolutionProperties) = preSolution
		HideSolutionNode = FALSE
	EndGlobalSection
	GlobalSection(ExtensibilityGlobals) = postSolution
		SolutionGuid = {7FEE135F-52BF-4BBF-8AA2-0869F20CA5DF}
	EndGlobalSection
EndGlobal
