
Microsoft Visual Studio Solution File, Format Version 12.00
# Visual Studio Version 17
VisualStudioVersion = 17.5.33627.172
MinimumVisualStudioVersion = 10.0.40219.1
Project("{FAE04EC0-301F-11D3-BF4B-00C04F79EFBC}") = "Linear date structures", "Linear date structures\Linear date structures.csproj", "{CE5BE6F2-0DD4-4AC2-A5E1-F6166FAC4163}"
EndProject
Project("{FAE04EC0-301F-11D3-BF4B-00C04F79EFBC}") = "BucketList", "BucketList\BucketList.csproj", "{2BAC7E5A-2B86-47BF-98AE-2EAD52F5E5D7}"
EndProject
Global
	GlobalSection(SolutionConfigurationPlatforms) = preSolution
		Debug|Any CPU = Debug|Any CPU
		Release|Any CPU = Release|Any CPU
	EndGlobalSection
	GlobalSection(ProjectConfigurationPlatforms) = postSolution
		{CE5BE6F2-0DD4-4AC2-A5E1-F6166FAC4163}.Debug|Any CPU.ActiveCfg = Debug|Any CPU
		{CE5BE6F2-0DD4-4AC2-A5E1-F6166FAC4163}.Debug|Any CPU.Build.0 = Debug|Any CPU
		{CE5BE6F2-0DD4-4AC2-A5E1-F6166FAC4163}.Release|Any CPU.ActiveCfg = Release|Any CPU
		{CE5BE6F2-0DD4-4AC2-A5E1-F6166FAC4163}.Release|Any CPU.Build.0 = Release|Any CPU
		{2BAC7E5A-2B86-47BF-98AE-2EAD52F5E5D7}.Debug|Any CPU.ActiveCfg = Debug|Any CPU
		{2BAC7E5A-2B86-47BF-98AE-2EAD52F5E5D7}.Debug|Any CPU.Build.0 = Debug|Any CPU
		{2BAC7E5A-2B86-47BF-98AE-2EAD52F5E5D7}.Release|Any CPU.ActiveCfg = Release|Any CPU
		{2BAC7E5A-2B86-47BF-98AE-2EAD52F5E5D7}.Release|Any CPU.Build.0 = Release|Any CPU
	EndGlobalSection
	GlobalSection(SolutionProperties) = preSolution
		HideSolutionNode = FALSE
	EndGlobalSection
	GlobalSection(ExtensibilityGlobals) = postSolution
		SolutionGuid = {3D228BC7-A3A9-4254-9838-02F42D9D92FA}
	EndGlobalSection
EndGlobal
