
Microsoft Visual Studio Solution File, Format Version 12.00
# Visual Studio Version 17
VisualStudioVersion = 17.0.32112.339
MinimumVisualStudioVersion = 10.0.40219.1
Project("{9A19103F-16F7-4668-BE54-9A1E7A4F7556}") = "Old Books", "Old Books\Old Books.csproj", "{2D6CD24E-2775-40F8-9EC8-8E9B2083B94F}"
EndProject
Project("{9A19103F-16F7-4668-BE54-9A1E7A4F7556}") = "Exam Preparation", "Exam Preparation\Exam Preparation.csproj", "{6CB8C2BA-5ACF-4912-B8ED-7A9C1197FD85}"
EndProject
Project("{9A19103F-16F7-4668-BE54-9A1E7A4F7556}") = "Vacation", "Vacation\Vacation.csproj", "{4CDDAF69-138D-4A4D-B0E5-3DAEEB1AD322}"
EndProject
Project("{FAE04EC0-301F-11D3-BF4B-00C04F79EFBC}") = "Walking", "Walking\Walking.csproj", "{C3F5FF0B-142E-4C09-8546-B6FB8E50E955}"
EndProject
Project("{FAE04EC0-301F-11D3-BF4B-00C04F79EFBC}") = "Coins", "Coins\Coins.csproj", "{47A70618-DB1B-437A-8C96-C9922F809ACD}"
EndProject
Project("{FAE04EC0-301F-11D3-BF4B-00C04F79EFBC}") = "Cake", "Cake\Cake.csproj", "{F5DA234D-3E69-4CD7-9124-88F843343944}"
EndProject
Project("{FAE04EC0-301F-11D3-BF4B-00C04F79EFBC}") = "Moving", "Moving\Moving.csproj", "{4EFC3423-F2EA-4152-A2F8-85F4688DB0E3}"
EndProject
Global
	GlobalSection(SolutionConfigurationPlatforms) = preSolution
		Debug|Any CPU = Debug|Any CPU
		Release|Any CPU = Release|Any CPU
	EndGlobalSection
	GlobalSection(ProjectConfigurationPlatforms) = postSolution
		{2D6CD24E-2775-40F8-9EC8-8E9B2083B94F}.Debug|Any CPU.ActiveCfg = Debug|Any CPU
		{2D6CD24E-2775-40F8-9EC8-8E9B2083B94F}.Debug|Any CPU.Build.0 = Debug|Any CPU
		{2D6CD24E-2775-40F8-9EC8-8E9B2083B94F}.Release|Any CPU.ActiveCfg = Release|Any CPU
		{2D6CD24E-2775-40F8-9EC8-8E9B2083B94F}.Release|Any CPU.Build.0 = Release|Any CPU
		{6CB8C2BA-5ACF-4912-B8ED-7A9C1197FD85}.Debug|Any CPU.ActiveCfg = Debug|Any CPU
		{6CB8C2BA-5ACF-4912-B8ED-7A9C1197FD85}.Debug|Any CPU.Build.0 = Debug|Any CPU
		{6CB8C2BA-5ACF-4912-B8ED-7A9C1197FD85}.Release|Any CPU.ActiveCfg = Release|Any CPU
		{6CB8C2BA-5ACF-4912-B8ED-7A9C1197FD85}.Release|Any CPU.Build.0 = Release|Any CPU
		{4CDDAF69-138D-4A4D-B0E5-3DAEEB1AD322}.Debug|Any CPU.ActiveCfg = Debug|Any CPU
		{4CDDAF69-138D-4A4D-B0E5-3DAEEB1AD322}.Debug|Any CPU.Build.0 = Debug|Any CPU
		{4CDDAF69-138D-4A4D-B0E5-3DAEEB1AD322}.Release|Any CPU.ActiveCfg = Release|Any CPU
		{4CDDAF69-138D-4A4D-B0E5-3DAEEB1AD322}.Release|Any CPU.Build.0 = Release|Any CPU
		{C3F5FF0B-142E-4C09-8546-B6FB8E50E955}.Debug|Any CPU.ActiveCfg = Debug|Any CPU
		{C3F5FF0B-142E-4C09-8546-B6FB8E50E955}.Debug|Any CPU.Build.0 = Debug|Any CPU
		{C3F5FF0B-142E-4C09-8546-B6FB8E50E955}.Release|Any CPU.ActiveCfg = Release|Any CPU
		{C3F5FF0B-142E-4C09-8546-B6FB8E50E955}.Release|Any CPU.Build.0 = Release|Any CPU
		{47A70618-DB1B-437A-8C96-C9922F809ACD}.Debug|Any CPU.ActiveCfg = Debug|Any CPU
		{47A70618-DB1B-437A-8C96-C9922F809ACD}.Debug|Any CPU.Build.0 = Debug|Any CPU
		{47A70618-DB1B-437A-8C96-C9922F809ACD}.Release|Any CPU.ActiveCfg = Release|Any CPU
		{47A70618-DB1B-437A-8C96-C9922F809ACD}.Release|Any CPU.Build.0 = Release|Any CPU
		{F5DA234D-3E69-4CD7-9124-88F843343944}.Debug|Any CPU.ActiveCfg = Debug|Any CPU
		{F5DA234D-3E69-4CD7-9124-88F843343944}.Debug|Any CPU.Build.0 = Debug|Any CPU
		{F5DA234D-3E69-4CD7-9124-88F843343944}.Release|Any CPU.ActiveCfg = Release|Any CPU
		{F5DA234D-3E69-4CD7-9124-88F843343944}.Release|Any CPU.Build.0 = Release|Any CPU
		{4EFC3423-F2EA-4152-A2F8-85F4688DB0E3}.Debug|Any CPU.ActiveCfg = Debug|Any CPU
		{4EFC3423-F2EA-4152-A2F8-85F4688DB0E3}.Debug|Any CPU.Build.0 = Debug|Any CPU
		{4EFC3423-F2EA-4152-A2F8-85F4688DB0E3}.Release|Any CPU.ActiveCfg = Release|Any CPU
		{4EFC3423-F2EA-4152-A2F8-85F4688DB0E3}.Release|Any CPU.Build.0 = Release|Any CPU
	EndGlobalSection
	GlobalSection(SolutionProperties) = preSolution
		HideSolutionNode = FALSE
	EndGlobalSection
	GlobalSection(ExtensibilityGlobals) = postSolution
		SolutionGuid = {008C5311-EDDD-4E9C-8924-CB3314CE7A8C}
	EndGlobalSection
EndGlobal
