
Microsoft Visual Studio Solution File, Format Version 12.00
# Visual Studio Version 17
VisualStudioVersion = 17.5.33502.453
MinimumVisualStudioVersion = 10.0.40219.1
Project("{FAE04EC0-301F-11D3-BF4B-00C04F79EFBC}") = "1. Брой на реалните числа", "1. Брой на реалните числа\1. Брой на реалните числа.csproj", "{C70B2FF1-1A13-4818-935F-66D16961551B}"
EndProject
Project("{FAE04EC0-301F-11D3-BF4B-00C04F79EFBC}") = "2. Подобрен телефонен указател", "2. Подобрен телефонен указател\2. Подобрен телефонен указател.csproj", "{550F312F-E5D4-446A-BDD8-47F19A5CEEDF}"
EndProject
Project("{FAE04EC0-301F-11D3-BF4B-00C04F79EFBC}") = "3. Поправка на email-и", "3. Поправка на email-и\3. Поправка на email-и.csproj", "{8CAE0F6D-EEAE-4FED-B285-8CA1542238BA}"
EndProject
Global
	GlobalSection(SolutionConfigurationPlatforms) = preSolution
		Debug|Any CPU = Debug|Any CPU
		Release|Any CPU = Release|Any CPU
	EndGlobalSection
	GlobalSection(ProjectConfigurationPlatforms) = postSolution
		{C70B2FF1-1A13-4818-935F-66D16961551B}.Debug|Any CPU.ActiveCfg = Debug|Any CPU
		{C70B2FF1-1A13-4818-935F-66D16961551B}.Debug|Any CPU.Build.0 = Debug|Any CPU
		{C70B2FF1-1A13-4818-935F-66D16961551B}.Release|Any CPU.ActiveCfg = Release|Any CPU
		{C70B2FF1-1A13-4818-935F-66D16961551B}.Release|Any CPU.Build.0 = Release|Any CPU
		{550F312F-E5D4-446A-BDD8-47F19A5CEEDF}.Debug|Any CPU.ActiveCfg = Debug|Any CPU
		{550F312F-E5D4-446A-BDD8-47F19A5CEEDF}.Debug|Any CPU.Build.0 = Debug|Any CPU
		{550F312F-E5D4-446A-BDD8-47F19A5CEEDF}.Release|Any CPU.ActiveCfg = Release|Any CPU
		{550F312F-E5D4-446A-BDD8-47F19A5CEEDF}.Release|Any CPU.Build.0 = Release|Any CPU
		{8CAE0F6D-EEAE-4FED-B285-8CA1542238BA}.Debug|Any CPU.ActiveCfg = Debug|Any CPU
		{8CAE0F6D-EEAE-4FED-B285-8CA1542238BA}.Debug|Any CPU.Build.0 = Debug|Any CPU
		{8CAE0F6D-EEAE-4FED-B285-8CA1542238BA}.Release|Any CPU.ActiveCfg = Release|Any CPU
		{8CAE0F6D-EEAE-4FED-B285-8CA1542238BA}.Release|Any CPU.Build.0 = Release|Any CPU
	EndGlobalSection
	GlobalSection(SolutionProperties) = preSolution
		HideSolutionNode = FALSE
	EndGlobalSection
	GlobalSection(ExtensibilityGlobals) = postSolution
		SolutionGuid = {B080C5DA-26D8-48B2-95B9-FF3A7E7BFA39}
	EndGlobalSection
EndGlobal
